// !$*UTF8*$!
{
	archiveVersion = 1;
	classes = {
	};
	objectVersion = 50;
	objects = {

/* Begin PBXBuildFile section */
		DF64F47B26792D3B008FF24D /* TicTacToeApp.swift in Sources */ = {isa = PBXBuildFile; fileRef = DF64F47A26792D3B008FF24D /* TicTacToeApp.swift */; };
		DF64F47D26792D3B008FF24D /* GameView.swift in Sources */ = {isa = PBXBuildFile; fileRef = DF64F47C26792D3B008FF24D /* GameView.swift */; };
		DF64F47F26792D3D008FF24D /* Assets.xcassets in Resources */ = {isa = PBXBuildFile; fileRef = DF64F47E26792D3D008FF24D /* Assets.xcassets */; };
		DF64F48226792D3D008FF24D /* Preview Assets.xcassets in Resources */ = {isa = PBXBuildFile; fileRef = DF64F48126792D3D008FF24D /* Preview Assets.xcassets */; };
		DF64F48A267A5885008FF24D /* Alerts.swift in Sources */ = {isa = PBXBuildFile; fileRef = DF64F489267A5885008FF24D /* Alerts.swift */; };
		DFB86876277CF79D006BFE2F /* Shape+extension.swift in Sources */ = {isa = PBXBuildFile; fileRef = DFB86875277CF79D006BFE2F /* Shape+extension.swift */; };
		DFD0CAE82776793F00B740A7 /* GameController.swift in Sources */ = {isa = PBXBuildFile; fileRef = DFD0CAE72776793F00B740A7 /* GameController.swift */; };
		DFFC685227641C310038DDD0 /* MainMenuView.swift in Sources */ = {isa = PBXBuildFile; fileRef = DFFC685127641C310038DDD0 /* MainMenuView.swift */; };
		DFFFE3AA2769406500B7515B /* Board.swift in Sources */ = {isa = PBXBuildFile; fileRef = DFFFE3A92769406500B7515B /* Board.swift */; };
/* End PBXBuildFile section */

/* Begin PBXFileReference section */
		DF64F47726792D3B008FF24D /* TicTacToe.app */ = {isa = PBXFileReference; explicitFileType = wrapper.application; includeInIndex = 0; path = TicTacToe.app; sourceTree = BUILT_PRODUCTS_DIR; };
		DF64F47A26792D3B008FF24D /* TicTacToeApp.swift */ = {isa = PBXFileReference; lastKnownFileType = sourcecode.swift; path = TicTacToeApp.swift; sourceTree = "<group>"; };
		DF64F47C26792D3B008FF24D /* GameView.swift */ = {isa = PBXFileReference; lastKnownFileType = sourcecode.swift; path = GameView.swift; sourceTree = "<group>"; };
		DF64F47E26792D3D008FF24D /* Assets.xcassets */ = {isa = PBXFileReference; lastKnownFileType = folder.assetcatalog; path = Assets.xcassets; sourceTree = "<group>"; };
		DF64F48126792D3D008FF24D /* Preview Assets.xcassets */ = {isa = PBXFileReference; lastKnownFileType = folder.assetcatalog; path = "Preview Assets.xcassets"; sourceTree = "<group>"; };
		DF64F48326792D3D008FF24D /* Info.plist */ = {isa = PBXFileReference; lastKnownFileType = text.plist.xml; path = Info.plist; sourceTree = "<group>"; };
		DF64F489267A5885008FF24D /* Alerts.swift */ = {isa = PBXFileReference; lastKnownFileType = sourcecode.swift; path = Alerts.swift; sourceTree = "<group>"; };
		DFB86875277CF79D006BFE2F /* Shape+extension.swift */ = {isa = PBXFileReference; lastKnownFileType = sourcecode.swift; path = "Shape+extension.swift"; sourceTree = "<group>"; };
		DFD0CAE72776793F00B740A7 /* GameController.swift */ = {isa = PBXFileReference; lastKnownFileType = sourcecode.swift; path = GameController.swift; sourceTree = "<group>"; };
		DFFC685127641C310038DDD0 /* MainMenuView.swift */ = {isa = PBXFileReference; lastKnownFileType = sourcecode.swift; path = MainMenuView.swift; sourceTree = "<group>"; };
		DFFFE3A92769406500B7515B /* Board.swift */ = {isa = PBXFileReference; lastKnownFileType = sourcecode.swift; path = Board.swift; sourceTree = "<group>"; };
/* End PBXFileReference section */

/* Begin PBXFrameworksBuildPhase section */
		DF64F47426792D3B008FF24D /* Frameworks */ = {
			isa = PBXFrameworksBuildPhase;
			buildActionMask = 2147483647;
			files = (
			);
			runOnlyForDeploymentPostprocessing = 0;
		};
/* End PBXFrameworksBuildPhase section */

/* Begin PBXGroup section */
		DF64F46E26792D3B008FF24D = {
			isa = PBXGroup;
			children = (
				DF64F47926792D3B008FF24D /* TicTacToe */,
				DF64F47826792D3B008FF24D /* Products */,
			);
			sourceTree = "<group>";
		};
		DF64F47826792D3B008FF24D /* Products */ = {
			isa = PBXGroup;
			children = (
				DF64F47726792D3B008FF24D /* TicTacToe.app */,
			);
			name = Products;
			sourceTree = "<group>";
		};
		DF64F47926792D3B008FF24D /* TicTacToe */ = {
			isa = PBXGroup;
			children = (
				DFB86874277CF787006BFE2F /* Extensions */,
				DFFC684D27641AA30038DDD0 /* GameModel */,
				DFFC684F27641AE30038DDD0 /* Viewmodel */,
				DFFC685027641AFA0038DDD0 /* Views */,
				DFFC684E27641ABB0038DDD0 /* Supporting */,
				DF64F48026792D3D008FF24D /* Preview Content */,
			);
			path = TicTacToe;
			sourceTree = "<group>";
		};
		DF64F48026792D3D008FF24D /* Preview Content */ = {
			isa = PBXGroup;
			children = (
				DF64F48126792D3D008FF24D /* Preview Assets.xcassets */,
			);
			path = "Preview Content";
			sourceTree = "<group>";
		};
		DFB86874277CF787006BFE2F /* Extensions */ = {
			isa = PBXGroup;
			children = (
				DFB86875277CF79D006BFE2F /* Shape+extension.swift */,
			);
			path = Extensions;
			sourceTree = "<group>";
		};
		DFFC684D27641AA30038DDD0 /* GameModel */ = {
			isa = PBXGroup;
			children = (
				DF64F489267A5885008FF24D /* Alerts.swift */,
				DFFFE3A92769406500B7515B /* Board.swift */,
			);
			path = GameModel;
			sourceTree = "<group>";
		};
		DFFC684E27641ABB0038DDD0 /* Supporting */ = {
			isa = PBXGroup;
			children = (
				DF64F47A26792D3B008FF24D /* TicTacToeApp.swift */,
				DF64F47E26792D3D008FF24D /* Assets.xcassets */,
				DF64F48326792D3D008FF24D /* Info.plist */,
			);
			path = Supporting;
			sourceTree = "<group>";
		};
		DFFC684F27641AE30038DDD0 /* Viewmodel */ = {
			isa = PBXGroup;
			children = (
				DFD0CAE72776793F00B740A7 /* GameController.swift */,
			);
			path = Viewmodel;
			sourceTree = "<group>";
		};
		DFFC685027641AFA0038DDD0 /* Views */ = {
			isa = PBXGroup;
			children = (
				DF64F47C26792D3B008FF24D /* GameView.swift */,
				DFFC685127641C310038DDD0 /* MainMenuView.swift */,
			);
			path = Views;
			sourceTree = "<group>";
		};
/* End PBXGroup section */

/* Begin PBXNativeTarget section */
		DF64F47626792D3B008FF24D /* TicTacToe */ = {
			isa = PBXNativeTarget;
			buildConfigurationList = DF64F48626792D3D008FF24D /* Build configuration list for PBXNativeTarget "TicTacToe" */;
			buildPhases = (
				DF64F47326792D3B008FF24D /* Sources */,
				DF64F47426792D3B008FF24D /* Frameworks */,
				DF64F47526792D3B008FF24D /* Resources */,
			);
			buildRules = (
			);
			dependencies = (
			);
			name = TicTacToe;
			productName = TicTacToe;
			productReference = DF64F47726792D3B008FF24D /* TicTacToe.app */;
			productType = "com.apple.product-type.application";
		};
/* End PBXNativeTarget section */

/* Begin PBXProject section */
		DF64F46F26792D3B008FF24D /* Project object */ = {
			isa = PBXProject;
			attributes = {
				LastSwiftUpdateCheck = 1250;
				LastUpgradeCheck = 1250;
				TargetAttributes = {
					DF64F47626792D3B008FF24D = {
						CreatedOnToolsVersion = 12.5;
					};
				};
			};
			buildConfigurationList = DF64F47226792D3B008FF24D /* Build configuration list for PBXProject "TicTacToe" */;
			compatibilityVersion = "Xcode 9.3";
			developmentRegion = en;
			hasScannedForEncodings = 0;
			knownRegions = (
				en,
				Base,
			);
			mainGroup = DF64F46E26792D3B008FF24D;
			productRefGroup = DF64F47826792D3B008FF24D /* Products */;
			projectDirPath = "";
			projectRoot = "";
			targets = (
				DF64F47626792D3B008FF24D /* TicTacToe */,
			);
		};
/* End PBXProject section */

/* Begin PBXResourcesBuildPhase section */
		DF64F47526792D3B008FF24D /* Resources */ = {
			isa = PBXResourcesBuildPhase;
			buildActionMask = 2147483647;
			files = (
				DF64F48226792D3D008FF24D /* Preview Assets.xcassets in Resources */,
				DF64F47F26792D3D008FF24D /* Assets.xcassets in Resources */,
			);
			runOnlyForDeploymentPostprocessing = 0;
		};
/* End PBXResourcesBuildPhase section */

/* Begin PBXSourcesBuildPhase section */
		DF64F47326792D3B008FF24D /* Sources */ = {
			isa = PBXSourcesBuildPhase;
			buildActionMask = 2147483647;
			files = (
				DFFC685227641C310038DDD0 /* MainMenuView.swift in Sources */,
				DFB86876277CF79D006BFE2F /* Shape+extension.swift in Sources */,
				DFD0CAE82776793F00B740A7 /* GameController.swift in Sources */,
				DF64F47D26792D3B008FF24D /* GameView.swift in Sources */,
				DFFFE3AA2769406500B7515B /* Board.swift in Sources */,
				DF64F48A267A5885008FF24D /* Alerts.swift in Sources */,
				DF64F47B26792D3B008FF24D /* TicTacToeApp.swift in Sources */,
			);
			runOnlyForDeploymentPostprocessing = 0;
		};
/* End PBXSourcesBuildPhase section */

/* Begin XCBuildConfiguration section */
		DF64F48426792D3D008FF24D /* Debug */ = {
			isa = XCBuildConfiguration;
			buildSettings = {
				ALWAYS_SEARCH_USER_PATHS = NO;
				CLANG_ANALYZER_NONNULL = YES;
				CLANG_ANALYZER_NUMBER_OBJECT_CONVERSION = YES_AGGRESSIVE;
				CLANG_CXX_LANGUAGE_STANDARD = "gnu++14";
				CLANG_CXX_LIBRARY = "libc++";
				CLANG_ENABLE_MODULES = YES;
				CLANG_ENABLE_OBJC_ARC = YES;
				CLANG_ENABLE_OBJC_WEAK = YES;
				CLANG_WARN_BLOCK_CAPTURE_AUTORELEASING = YES;
				CLANG_WARN_BOOL_CONVERSION = YES;
				CLANG_WARN_COMMA = YES;
				CLANG_WARN_CONSTANT_CONVERSION = YES;
				CLANG_WARN_DEPRECATED_OBJC_IMPLEMENTATIONS = YES;
				CLANG_WARN_DIRECT_OBJC_ISA_USAGE = YES_ERROR;
				CLANG_WARN_DOCUMENTATION_COMMENTS = YES;
				CLANG_WARN_EMPTY_BODY = YES;
				CLANG_WARN_ENUM_CONVERSION = YES;
				CLANG_WARN_INFINITE_RECURSION = YES;
				CLANG_WARN_INT_CONVERSION = YES;
				CLANG_WARN_NON_LITERAL_NULL_CONVERSION = YES;
				CLANG_WARN_OBJC_IMPLICIT_RETAIN_SELF = YES;
				CLANG_WARN_OBJC_LITERAL_CONVERSION = YES;
				CLANG_WARN_OBJC_ROOT_CLASS = YES_ERROR;
				CLANG_WARN_QUOTED_INCLUDE_IN_FRAMEWORK_HEADER = YES;
				CLANG_WARN_RANGE_LOOP_ANALYSIS = YES;
				CLANG_WARN_STRICT_PROTOTYPES = YES;
				CLANG_WARN_SUSPICIOUS_MOVE = YES;
				CLANG_WARN_UNGUARDED_AVAILABILITY = YES_AGGRESSIVE;
				CLANG_WARN_UNREACHABLE_CODE = YES;
				CLANG_WARN__DUPLICATE_METHOD_MATCH = YES;
				COPY_PHASE_STRIP = NO;
				DEBUG_INFORMATION_FORMAT = dwarf;
				ENABLE_STRICT_OBJC_MSGSEND = YES;
				ENABLE_TESTABILITY = YES;
				GCC_C_LANGUAGE_STANDARD = gnu11;
				GCC_DYNAMIC_NO_PIC = NO;
				GCC_NO_COMMON_BLOCKS = YES;
				GCC_OPTIMIZATION_LEVEL = 0;
				GCC_PREPROCESSOR_DEFINITIONS = (
					"DEBUG=1",
					"$(inherited)",
				);
				GCC_WARN_64_TO_32_BIT_CONVERSION = YES;
				GCC_WARN_ABOUT_RETURN_TYPE = YES_ERROR;
				GCC_WARN_UNDECLARED_SELECTOR = YES;
				GCC_WARN_UNINITIALIZED_AUTOS = YES_AGGRESSIVE;
				GCC_WARN_UNUSED_FUNCTION = YES;
				GCC_WARN_UNUSED_VARIABLE = YES;
				IPHONEOS_DEPLOYMENT_TARGET = 15.0;
				MTL_ENABLE_DEBUG_INFO = INCLUDE_SOURCE;
				MTL_FAST_MATH = YES;
				ONLY_ACTIVE_ARCH = YES;
				SDKROOT = iphoneos;
				SWIFT_ACTIVE_COMPILATION_CONDITIONS = DEBUG;
				SWIFT_OPTIMIZATION_LEVEL = "-Onone";
			};
			name = Debug;
		};
		DF64F48526792D3D008FF24D /* Release */ = {
			isa = XCBuildConfiguration;
			buildSettings = {
				ALWAYS_SEARCH_USER_PATHS = NO;
				CLANG_ANALYZER_NONNULL = YES;
				CLANG_ANALYZER_NUMBER_OBJECT_CONVERSION = YES_AGGRESSIVE;
				CLANG_CXX_LANGUAGE_STANDARD = "gnu++14";
				CLANG_CXX_LIBRARY = "libc++";
				CLANG_ENABLE_MODULES = YES;
				CLANG_ENABLE_OBJC_ARC = YES;
				CLANG_ENABLE_OBJC_WEAK = YES;
				CLANG_WARN_BLOCK_CAPTURE_AUTORELEASING = YES;
				CLANG_WARN_BOOL_CONVERSION = YES;
				CLANG_WARN_COMMA = YES;
				CLANG_WARN_CONSTANT_CONVERSION = YES;
				CLANG_WARN_DEPRECATED_OBJC_IMPLEMENTATIONS = YES;
				CLANG_WARN_DIRECT_OBJC_ISA_USAGE = YES_ERROR;
				CLANG_WARN_DOCUMENTATION_COMMENTS = YES;
				CLANG_WARN_EMPTY_BODY = YES;
				CLANG_WARN_ENUM_CONVERSION = YES;
				CLANG_WARN_INFINITE_RECURSION = YES;
				CLANG_WARN_INT_CONVERSION = YES;
				CLANG_WARN_NON_LITERAL_NULL_CONVERSION = YES;
				CLANG_WARN_OBJC_IMPLICIT_RETAIN_SELF = YES;
				CLANG_WARN_OBJC_LITERAL_CONVERSION = YES;
				CLANG_WARN_OBJC_ROOT_CLASS = YES_ERROR;
				CLANG_WARN_QUOTED_INCLUDE_IN_FRAMEWORK_HEADER = YES;
				CLANG_WARN_RANGE_LOOP_ANALYSIS = YES;
				CLANG_WARN_STRICT_PROTOTYPES = YES;
				CLANG_WARN_SUSPICIOUS_MOVE = YES;
				CLANG_WARN_UNGUARDED_AVAILABILITY = YES_AGGRESSIVE;
				CLANG_WARN_UNREACHABLE_CODE = YES;
				CLANG_WARN__DUPLICATE_METHOD_MATCH = YES;
				COPY_PHASE_STRIP = NO;
				DEBUG_INFORMATION_FORMAT = "dwarf-with-dsym";
				ENABLE_NS_ASSERTIONS = NO;
				ENABLE_STRICT_OBJC_MSGSEND = YES;
				GCC_C_LANGUAGE_STANDARD = gnu11;
				GCC_NO_COMMON_BLOCKS = YES;
				GCC_WARN_64_TO_32_BIT_CONVERSION = YES;
				GCC_WARN_ABOUT_RETURN_TYPE = YES_ERROR;
				GCC_WARN_UNDECLARED_SELECTOR = YES;
				GCC_WARN_UNINITIALIZED_AUTOS = YES_AGGRESSIVE;
				GCC_WARN_UNUSED_FUNCTION = YES;
				GCC_WARN_UNUSED_VARIABLE = YES;
				IPHONEOS_DEPLOYMENT_TARGET = 15.0;
				MTL_ENABLE_DEBUG_INFO = NO;
				MTL_FAST_MATH = YES;
				SDKROOT = iphoneos;
				SWIFT_COMPILATION_MODE = wholemodule;
				SWIFT_OPTIMIZATION_LEVEL = "-O";
				VALIDATE_PRODUCT = YES;
			};
			name = Release;
		};
		DF64F48726792D3D008FF24D /* Debug */ = {
			isa = XCBuildConfiguration;
			buildSettings = {
				ASSETCATALOG_COMPILER_APPICON_NAME = AppIcon;
				ASSETCATALOG_COMPILER_GLOBAL_ACCENT_COLOR_NAME = AccentColor;
				CODE_SIGN_STYLE = Automatic;
				DEVELOPMENT_ASSET_PATHS = "\"TicTacToe/Preview Content\"";
				DEVELOPMENT_TEAM = JCL982F3T2;
				ENABLE_PREVIEWS = YES;
				INFOPLIST_FILE = TicTacToe/Supporting/Info.plist;
				IPHONEOS_DEPLOYMENT_TARGET = 15.0;
				LD_RUNPATH_SEARCH_PATHS = (
					"$(inherited)",
					"@executable_path/Frameworks",
				);
				MACOSX_DEPLOYMENT_TARGET = 15.0;
				MARKETING_VERSION = 1.0.2;
				PRODUCT_BUNDLE_IDENTIFIER = frent.nobos.TicTacToe;
				PRODUCT_NAME = "$(TARGET_NAME)";
				SWIFT_VERSION = 5.0;
				TARGETED_DEVICE_FAMILY = 1;
			};
			name = Debug;
		};
		DF64F48826792D3D008FF24D /* Release */ = {
			isa = XCBuildConfiguration;
			buildSettings = {
				ASSETCATALOG_COMPILER_APPICON_NAME = AppIcon;
				ASSETCATALOG_COMPILER_GLOBAL_ACCENT_COLOR_NAME = AccentColor;
				CODE_SIGN_STYLE = Automatic;
				DEVELOPMENT_ASSET_PATHS = "\"TicTacToe/Preview Content\"";
				DEVELOPMENT_TEAM = JCL982F3T2;
				ENABLE_PREVIEWS = YES;
				INFOPLIST_FILE = TicTacToe/Supporting/Info.plist;
				IPHONEOS_DEPLOYMENT_TARGET = 15.0;
				LD_RUNPATH_SEARCH_PATHS = (
					"$(inherited)",
					"@executable_path/Frameworks",
				);
				MACOSX_DEPLOYMENT_TARGET = 15.0;
				MARKETING_VERSION = 1.0.2;
				PRODUCT_BUNDLE_IDENTIFIER = frent.nobos.TicTacToe;
				PRODUCT_NAME = "$(TARGET_NAME)";
				SWIFT_VERSION = 5.0;
				TARGETED_DEVICE_FAMILY = 1;
			};
			name = Release;
		};
/* End XCBuildConfiguration section */

/* Begin XCConfigurationList section */
		DF64F47226792D3B008FF24D /* Build configuration list for PBXProject "TicTacToe" */ = {
			isa = XCConfigurationList;
			buildConfigurations = (
				DF64F48426792D3D008FF24D /* Debug */,
				DF64F48526792D3D008FF24D /* Release */,
			);
			defaultConfigurationIsVisible = 0;
			defaultConfigurationName = Release;
		};
		DF64F48626792D3D008FF24D /* Build configuration list for PBXNativeTarget "TicTacToe" */ = {
			isa = XCConfigurationList;
			buildConfigurations = (
				DF64F48726792D3D008FF24D /* Debug */,
				DF64F48826792D3D008FF24D /* Release */,
			);
			defaultConfigurationIsVisible = 0;
			defaultConfigurationName = Release;
		};
/* End XCConfigurationList section */
	};
	rootObject = DF64F46F26792D3B008FF24D /* Project object */;
}
